
Microsoft Visual Studio Solution File, Format Version 12.00
# Visual Studio 15
VisualStudioVersion = 15.0.27004.2005
MinimumVisualStudioVersion = 10.0.40219.1
Project("{FAE04EC0-301F-11D3-BF4B-00C04F79EFBC}") = "Bank", "Bank\Bank.csproj", "{3168ED4F-A435-4E73-B633-49B3C029C4FD}"
EndProject
Global
	GlobalSection(SolutionConfigurationPlatforms) = preSolution
		Debug|Any CPU = Debug|Any CPU
		Release|Any CPU = Release|Any CPU
	EndGlobalSection
	GlobalSection(ProjectConfigurationPlatforms) = postSolution
		{3168ED4F-A435-4E73-B633-49B3C029C4FD}.Debug|Any CPU.ActiveCfg = Debug|Any CPU
		{3168ED4F-A435-4E73-B633-49B3C029C4FD}.Debug|Any CPU.Build.0 = Debug|Any CPU
		{3168ED4F-A435-4E73-B633-49B3C029C4FD}.Release|Any CPU.ActiveCfg = Release|Any CPU
		{3168ED4F-A435-4E73-B633-49B3C029C4FD}.Release|Any CPU.Build.0 = Release|Any CPU
	EndGlobalSection
	GlobalSection(SolutionProperties) = preSolution
		HideSolutionNode = FALSE
	EndGlobalSection
	GlobalSection(ExtensibilityGlobals) = postSolution
		SolutionGuid = {D3339EE0-B124-4E29-946B-F1D9F44D0191}
	EndGlobalSection
EndGlobal
